{
  "version": 4,
  "terraform_version": "1.12.2",
  "serial": 36,
  "lineage": "141e0d04-7b79-f6c7-1ef7-470925f644d3",
  "outputs": {
    "bucket_arns": {
      "value": {
        "bucket1": "arn:aws:s3:::my-test-bucket-1-petert800",
        "bucket2": "arn:aws:s3:::my-test-bucket-2-petert800"
      },
      "type": [
        "object",
        {
          "bucket1": "string",
          "bucket2": "string"
        }
      ]
    },
    "bucket_ids": {
      "value": {
        "bucket1": "my-test-bucket-1-petert800",
        "bucket2": "my-test-bucket-2-petert800"
      },
      "type": [
        "object",
        {
          "bucket1": "string",
          "bucket2": "string"
        }
      ]
    },
    "bucket_regions": {
      "value": {
        "bucket1": "eu-central-1",
        "bucket2": "eu-central-1"
      },
      "type": [
        "object",
        {
          "bucket1": "string",
          "bucket2": "string"
        }
      ]
    }
  },
  "resources": [
    {
      "module": "module.s3_buckets",
      "mode": "managed",
      "type": "aws_s3_bucket",
      "name": "this",
      "provider": "provider[\"registry.terraform.io/hashicorp/aws\"]",
      "instances": [
        {
          "index_key": "bucket1",
          "schema_version": 0,
          "attributes": {
            "acceleration_status": "",
            "acl": null,
            "arn": "arn:aws:s3:::my-test-bucket-1-petert800",
            "bucket": "my-test-bucket-1-petert800",
            "bucket_domain_name": "my-test-bucket-1-petert800.s3.amazonaws.com",
            "bucket_prefix": "",
            "bucket_region": "eu-central-1",
            "bucket_regional_domain_name": "my-test-bucket-1-petert800.s3.eu-central-1.amazonaws.com",
            "cors_rule": [],
            "force_destroy": true,
            "grant": [
              {
                "id": "74b297a186df76e89176c2012a4006f8a1820aadd339106c547655f52f930010",
                "permissions": [
                  "FULL_CONTROL"
                ],
                "type": "CanonicalUser",
                "uri": ""
              }
            ],
            "hosted_zone_id": "Z21DNDUVLTQW6Q",
            "id": "my-test-bucket-1-petert800",
            "lifecycle_rule": [],
            "logging": [],
            "object_lock_configuration": [],
            "object_lock_enabled": false,
            "policy": "{\"Statement\":[{\"Action\":\"s3:DeleteBucket\",\"Effect\":\"Deny\",\"Principal\":\"*\",\"Resource\":\"arn:aws:s3:::my-test-bucket-1-petert800\",\"Sid\":\"DenyDelete\"}],\"Version\":\"2012-10-17\"}",
            "region": "eu-central-1",
            "replication_configuration": [],
            "request_payer": "BucketOwner",
            "server_side_encryption_configuration": [
              {
                "rule": [
                  {
                    "apply_server_side_encryption_by_default": [
                      {
                        "kms_master_key_id": "",
                        "sse_algorithm": "AES256"
                      }
                    ],
                    "bucket_key_enabled": false
                  }
                ]
              }
            ],
            "tags": {
              "Name": "my-test-bucket-1-petert800"
            },
            "tags_all": {
              "Name": "my-test-bucket-1-petert800"
            },
            "timeouts": null,
            "versioning": [
              {
                "enabled": true,
                "mfa_delete": false
              }
            ],
            "website": [],
            "website_domain": null,
            "website_endpoint": null
          },
          "sensitive_attributes": [],
          "identity_schema_version": 0,
          "identity": {
            "account_id": "601457281385",
            "bucket": "my-test-bucket-1-petert800",
            "region": "eu-central-1"
          },
          "private": "eyJlMmJmYjczMC1lY2FhLTExZTYtOGY4OC0zNDM2M2JjN2M0YzAiOnsiY3JlYXRlIjoxMjAwMDAwMDAwMDAwLCJkZWxldGUiOjM2MDAwMDAwMDAwMDAsInJlYWQiOjEyMDAwMDAwMDAwMDAsInVwZGF0ZSI6MTIwMDAwMDAwMDAwMH19"
        },
        {
          "index_key": "bucket2",
          "schema_version": 0,
          "attributes": {
            "acceleration_status": "",
            "acl": null,
            "arn": "arn:aws:s3:::my-test-bucket-2-petert800",
            "bucket": "my-test-bucket-2-petert800",
            "bucket_domain_name": "my-test-bucket-2-petert800.s3.amazonaws.com",
            "bucket_prefix": "",
            "bucket_region": "eu-central-1",
            "bucket_regional_domain_name": "my-test-bucket-2-petert800.s3.eu-central-1.amazonaws.com",
            "cors_rule": [],
            "force_destroy": true,
            "grant": [
              {
                "id": "74b297a186df76e89176c2012a4006f8a1820aadd339106c547655f52f930010",
                "permissions": [
                  "FULL_CONTROL"
                ],
                "type": "CanonicalUser",
                "uri": ""
              }
            ],
            "hosted_zone_id": "Z21DNDUVLTQW6Q",
            "id": "my-test-bucket-2-petert800",
            "lifecycle_rule": [],
            "logging": [],
            "object_lock_configuration": [],
            "object_lock_enabled": false,
            "policy": "",
            "region": "eu-central-1",
            "replication_configuration": [],
            "request_payer": "BucketOwner",
            "server_side_encryption_configuration": [
              {
                "rule": [
                  {
                    "apply_server_side_encryption_by_default": [
                      {
                        "kms_master_key_id": "",
                        "sse_algorithm": "AES256"
                      }
                    ],
                    "bucket_key_enabled": false
                  }
                ]
              }
            ],
            "tags": {
              "Name": "my-test-bucket-2-petert800"
            },
            "tags_all": {
              "Name": "my-test-bucket-2-petert800"
            },
            "timeouts": null,
            "versioning": [
              {
                "enabled": false,
                "mfa_delete": false
              }
            ],
            "website": [],
            "website_domain": null,
            "website_endpoint": null
          },
          "sensitive_attributes": [],
          "identity_schema_version": 0,
          "identity": {
            "account_id": "601457281385",
            "bucket": "my-test-bucket-2-petert800",
            "region": "eu-central-1"
          },
          "private": "eyJlMmJmYjczMC1lY2FhLTExZTYtOGY4OC0zNDM2M2JjN2M0YzAiOnsiY3JlYXRlIjoxMjAwMDAwMDAwMDAwLCJkZWxldGUiOjM2MDAwMDAwMDAwMDAsInJlYWQiOjEyMDAwMDAwMDAwMDAsInVwZGF0ZSI6MTIwMDAwMDAwMDAwMH19"
        }
      ]
    },
    {
      "module": "module.s3_buckets",
      "mode": "managed",
      "type": "aws_s3_bucket_policy",
      "name": "this",
      "provider": "provider[\"registry.terraform.io/hashicorp/aws\"]",
      "instances": [
        {
          "index_key": "bucket1",
          "schema_version": 0,
          "attributes": {
            "bucket": "my-test-bucket-1-petert800",
            "id": "my-test-bucket-1-petert800",
            "policy": "{\"Statement\":[{\"Action\":\"s3:DeleteBucket\",\"Effect\":\"Deny\",\"Principal\":\"*\",\"Resource\":\"arn:aws:s3:::my-test-bucket-1-petert800\",\"Sid\":\"DenyDelete\"}],\"Version\":\"2012-10-17\"}",
            "region": "eu-central-1"
          },
          "sensitive_attributes": [],
          "identity_schema_version": 0,
          "private": "bnVsbA==",
          "dependencies": [
            "module.s3_buckets.aws_s3_bucket.this"
          ]
        }
      ]
    },
    {
      "module": "module.s3_buckets",
      "mode": "managed",
      "type": "aws_s3_bucket_public_access_block",
      "name": "this",
      "provider": "provider[\"registry.terraform.io/hashicorp/aws\"]",
      "instances": [
        {
          "index_key": "bucket1",
          "schema_version": 0,
          "attributes": {
            "block_public_acls": true,
            "block_public_policy": true,
            "bucket": "my-test-bucket-1-petert800",
            "id": "my-test-bucket-1-petert800",
            "ignore_public_acls": true,
            "region": "eu-central-1",
            "restrict_public_buckets": true
          },
          "sensitive_attributes": [],
          "identity_schema_version": 0,
          "private": "bnVsbA==",
          "dependencies": [
            "module.s3_buckets.aws_s3_bucket.this"
          ]
        },
        {
          "index_key": "bucket2",
          "schema_version": 0,
          "attributes": {
            "block_public_acls": true,
            "block_public_policy": true,
            "bucket": "my-test-bucket-2-petert800",
            "id": "my-test-bucket-2-petert800",
            "ignore_public_acls": true,
            "region": "eu-central-1",
            "restrict_public_buckets": true
          },
          "sensitive_attributes": [],
          "identity_schema_version": 0,
          "private": "bnVsbA==",
          "dependencies": [
            "module.s3_buckets.aws_s3_bucket.this"
          ]
        }
      ]
    },
    {
      "module": "module.s3_buckets",
      "mode": "managed",
      "type": "aws_s3_bucket_server_side_encryption_configuration",
      "name": "this",
      "provider": "provider[\"registry.terraform.io/hashicorp/aws\"]",
      "instances": [
        {
          "index_key": "bucket1",
          "schema_version": 0,
          "attributes": {
            "bucket": "my-test-bucket-1-petert800",
            "expected_bucket_owner": "",
            "id": "my-test-bucket-1-petert800",
            "region": "eu-central-1",
            "rule": [
              {
                "apply_server_side_encryption_by_default": [
                  {
                    "kms_master_key_id": "",
                    "sse_algorithm": "AES256"
                  }
                ],
                "bucket_key_enabled": false
              }
            ]
          },
          "sensitive_attributes": [],
          "identity_schema_version": 0,
          "private": "bnVsbA==",
          "dependencies": [
            "module.s3_buckets.aws_s3_bucket.this"
          ]
        },
        {
          "index_key": "bucket2",
          "schema_version": 0,
          "attributes": {
            "bucket": "my-test-bucket-2-petert800",
            "expected_bucket_owner": "",
            "id": "my-test-bucket-2-petert800",
            "region": "eu-central-1",
            "rule": [
              {
                "apply_server_side_encryption_by_default": [
                  {
                    "kms_master_key_id": "",
                    "sse_algorithm": "AES256"
                  }
                ],
                "bucket_key_enabled": false
              }
            ]
          },
          "sensitive_attributes": [],
          "identity_schema_version": 0,
          "private": "bnVsbA==",
          "dependencies": [
            "module.s3_buckets.aws_s3_bucket.this"
          ]
        }
      ]
    },
    {
      "module": "module.s3_buckets",
      "mode": "managed",
      "type": "aws_s3_bucket_versioning",
      "name": "this",
      "provider": "provider[\"registry.terraform.io/hashicorp/aws\"]",
      "instances": [
        {
          "index_key": "bucket1",
          "schema_version": 0,
          "attributes": {
            "bucket": "my-test-bucket-1-petert800",
            "expected_bucket_owner": "",
            "id": "my-test-bucket-1-petert800",
            "mfa": null,
            "region": "eu-central-1",
            "versioning_configuration": [
              {
                "mfa_delete": "",
                "status": "Enabled"
              }
            ]
          },
          "sensitive_attributes": [],
          "identity_schema_version": 0,
          "private": "bnVsbA==",
          "dependencies": [
            "module.s3_buckets.aws_s3_bucket.this"
          ]
        },
        {
          "index_key": "bucket2",
          "schema_version": 0,
          "attributes": {
            "bucket": "my-test-bucket-2-petert800",
            "expected_bucket_owner": "",
            "id": "my-test-bucket-2-petert800",
            "mfa": null,
            "region": "eu-central-1",
            "versioning_configuration": [
              {
                "mfa_delete": "",
                "status": "Suspended"
              }
            ]
          },
          "sensitive_attributes": [],
          "identity_schema_version": 0,
          "private": "bnVsbA==",
          "dependencies": [
            "module.s3_buckets.aws_s3_bucket.this"
          ]
        }
      ]
    }
  ],
  "check_results": null
}
